
Microsoft Visual Studio Solution File, Format Version 12.00
# Visual Studio 15
VisualStudioVersion = 15.0.28307.168
MinimumVisualStudioVersion = 10.0.40219.1
Project("{FAE04EC0-301F-11D3-BF4B-00C04F79EFBC}") = "NeuralNetworkLib", "NeuralNetworkLib\NeuralNetworkLib.csproj", "{802087A6-DC0A-481D-8FA5-66537A75084E}"
EndProject
Global
	GlobalSection(SolutionConfigurationPlatforms) = preSolution
		Debug|Any CPU = Debug|Any CPU
		Release|Any CPU = Release|Any CPU
	EndGlobalSection
	GlobalSection(ProjectConfigurationPlatforms) = postSolution
		{802087A6-DC0A-481D-8FA5-66537A75084E}.Debug|Any CPU.ActiveCfg = Debug|Any CPU
		{802087A6-DC0A-481D-8FA5-66537A75084E}.Debug|Any CPU.Build.0 = Debug|Any CPU
		{802087A6-DC0A-481D-8FA5-66537A75084E}.Release|Any CPU.ActiveCfg = Release|Any CPU
		{802087A6-DC0A-481D-8FA5-66537A75084E}.Release|Any CPU.Build.0 = Release|Any CPU
	EndGlobalSection
	GlobalSection(SolutionProperties) = preSolution
		HideSolutionNode = FALSE
	EndGlobalSection
	GlobalSection(ExtensibilityGlobals) = postSolution
		SolutionGuid = {D2F4E451-BB41-4B0C-B0AD-49AF95F32124}
	EndGlobalSection
EndGlobal
