
Microsoft Visual Studio Solution File, Format Version 12.00
# Visual Studio 15
VisualStudioVersion = 15.0.28307.168
MinimumVisualStudioVersion = 10.0.40219.1
Project("{FAE04EC0-301F-11D3-BF4B-00C04F79EFBC}") = "tetris", "tetris\tetris.csproj", "{750459CE-E66D-4CC5-90F0-4F201217D20A}"
EndProject
Project("{FAE04EC0-301F-11D3-BF4B-00C04F79EFBC}") = "Matris", "Matris\Matris.csproj", "{EE105559-F4E9-4410-8157-93E8C7C139AE}"
EndProject
Global
	GlobalSection(SolutionConfigurationPlatforms) = preSolution
		Debug|Any CPU = Debug|Any CPU
		Release|Any CPU = Release|Any CPU
	EndGlobalSection
	GlobalSection(ProjectConfigurationPlatforms) = postSolution
		{750459CE-E66D-4CC5-90F0-4F201217D20A}.Debug|Any CPU.ActiveCfg = Debug|Any CPU
		{750459CE-E66D-4CC5-90F0-4F201217D20A}.Debug|Any CPU.Build.0 = Debug|Any CPU
		{750459CE-E66D-4CC5-90F0-4F201217D20A}.Release|Any CPU.ActiveCfg = Release|Any CPU
		{750459CE-E66D-4CC5-90F0-4F201217D20A}.Release|Any CPU.Build.0 = Release|Any CPU
		{EE105559-F4E9-4410-8157-93E8C7C139AE}.Debug|Any CPU.ActiveCfg = Debug|Any CPU
		{EE105559-F4E9-4410-8157-93E8C7C139AE}.Debug|Any CPU.Build.0 = Debug|Any CPU
		{EE105559-F4E9-4410-8157-93E8C7C139AE}.Release|Any CPU.ActiveCfg = Release|Any CPU
		{EE105559-F4E9-4410-8157-93E8C7C139AE}.Release|Any CPU.Build.0 = Release|Any CPU
	EndGlobalSection
	GlobalSection(SolutionProperties) = preSolution
		HideSolutionNode = FALSE
	EndGlobalSection
	GlobalSection(ExtensibilityGlobals) = postSolution
		SolutionGuid = {AEE65799-256F-4E87-8F9C-6C76A694686A}
	EndGlobalSection
EndGlobal
