
Microsoft Visual Studio Solution File, Format Version 12.00
# Visual Studio 15
VisualStudioVersion = 15.0.28010.2041
MinimumVisualStudioVersion = 10.0.40219.1
Project("{FAE04EC0-301F-11D3-BF4B-00C04F79EFBC}") = "new game", "new game\new game.csproj", "{62EA160D-811E-4125-9AA0-7396E45E8095}"
EndProject
Global
	GlobalSection(SolutionConfigurationPlatforms) = preSolution
		Debug|Any CPU = Debug|Any CPU
		Release|Any CPU = Release|Any CPU
	EndGlobalSection
	GlobalSection(ProjectConfigurationPlatforms) = postSolution
		{62EA160D-811E-4125-9AA0-7396E45E8095}.Debug|Any CPU.ActiveCfg = Debug|Any CPU
		{62EA160D-811E-4125-9AA0-7396E45E8095}.Debug|Any CPU.Build.0 = Debug|Any CPU
		{62EA160D-811E-4125-9AA0-7396E45E8095}.Release|Any CPU.ActiveCfg = Release|Any CPU
		{62EA160D-811E-4125-9AA0-7396E45E8095}.Release|Any CPU.Build.0 = Release|Any CPU
	EndGlobalSection
	GlobalSection(SolutionProperties) = preSolution
		HideSolutionNode = FALSE
	EndGlobalSection
	GlobalSection(ExtensibilityGlobals) = postSolution
		SolutionGuid = {8E75F002-48F3-498E-96BC-EE5F6A5FCDFA}
	EndGlobalSection
EndGlobal
